
Microsoft Visual Studio Solution File, Format Version 12.00
# Visual Studio Version 17
VisualStudioVersion = 17.0.31903.59
MinimumVisualStudioVersion = 10.0.40219.1
Project("{FAE04EC0-301F-11D3-BF4B-00C04F79EFBC}") = "BtChat.Client", "BtChat.Client\BtChat.Client.csproj", "{21985CDD-FC08-415B-8B7B-B874359D663F}"
EndProject
Project("{FAE04EC0-301F-11D3-BF4B-00C04F79EFBC}") = "BtChat.Client.UI", "BtChat.Client.UI\BtChat.Client.UI.csproj", "{13961B23-3043-4B66-AC05-D041F793B57B}"
EndProject
Project("{FAE04EC0-301F-11D3-BF4B-00C04F79EFBC}") = "BtChat.Server.UI", "BtChat.Server.UI\BtChat.Server.UI.csproj", "{FE7B130F-A1F8-46B1-BED6-962405A53874}"
EndProject
Global
	GlobalSection(SolutionConfigurationPlatforms) = preSolution
		Debug|Any CPU = Debug|Any CPU
		Release|Any CPU = Release|Any CPU
	EndGlobalSection
	GlobalSection(SolutionProperties) = preSolution
		HideSolutionNode = FALSE
	EndGlobalSection
	GlobalSection(ProjectConfigurationPlatforms) = postSolution
		{21985CDD-FC08-415B-8B7B-B874359D663F}.Debug|Any CPU.ActiveCfg = Debug|Any CPU
		{21985CDD-FC08-415B-8B7B-B874359D663F}.Debug|Any CPU.Build.0 = Debug|Any CPU
		{21985CDD-FC08-415B-8B7B-B874359D663F}.Release|Any CPU.ActiveCfg = Release|Any CPU
		{21985CDD-FC08-415B-8B7B-B874359D663F}.Release|Any CPU.Build.0 = Release|Any CPU
		{13961B23-3043-4B66-AC05-D041F793B57B}.Debug|Any CPU.ActiveCfg = Debug|Any CPU
		{13961B23-3043-4B66-AC05-D041F793B57B}.Debug|Any CPU.Build.0 = Debug|Any CPU
		{13961B23-3043-4B66-AC05-D041F793B57B}.Release|Any CPU.ActiveCfg = Release|Any CPU
		{13961B23-3043-4B66-AC05-D041F793B57B}.Release|Any CPU.Build.0 = Release|Any CPU
		{FE7B130F-A1F8-46B1-BED6-962405A53874}.Debug|Any CPU.ActiveCfg = Debug|Any CPU
		{FE7B130F-A1F8-46B1-BED6-962405A53874}.Debug|Any CPU.Build.0 = Debug|Any CPU
		{FE7B130F-A1F8-46B1-BED6-962405A53874}.Release|Any CPU.ActiveCfg = Release|Any CPU
		{FE7B130F-A1F8-46B1-BED6-962405A53874}.Release|Any CPU.Build.0 = Release|Any CPU
	EndGlobalSection
EndGlobal
